
Microsoft Visual Studio Solution File, Format Version 12.00
# Visual Studio 15
VisualStudioVersion = 15.0.28307.1169
MinimumVisualStudioVersion = 10.0.40219.1
Project("{FAE04EC0-301F-11D3-BF4B-00C04F79EFBC}") = "BookListMVC", "BookListMVC\BookListMVC.csproj", "{21CD3641-EA8E-4ECA-87C5-2C61D20A551E}"
EndProject
Global
	GlobalSection(SolutionConfigurationPlatforms) = preSolution
		Debug|Any CPU = Debug|Any CPU
		Release|Any CPU = Release|Any CPU
	EndGlobalSection
	GlobalSection(ProjectConfigurationPlatforms) = postSolution
		{21CD3641-EA8E-4ECA-87C5-2C61D20A551E}.Debug|Any CPU.ActiveCfg = Debug|Any CPU
		{21CD3641-EA8E-4ECA-87C5-2C61D20A551E}.Debug|Any CPU.Build.0 = Debug|Any CPU
		{21CD3641-EA8E-4ECA-87C5-2C61D20A551E}.Release|Any CPU.ActiveCfg = Release|Any CPU
		{21CD3641-EA8E-4ECA-87C5-2C61D20A551E}.Release|Any CPU.Build.0 = Release|Any CPU
	EndGlobalSection
	GlobalSection(SolutionProperties) = preSolution
		HideSolutionNode = FALSE
	EndGlobalSection
	GlobalSection(ExtensibilityGlobals) = postSolution
		SolutionGuid = {259B4C35-A36E-481C-A2E1-025AB7F508CB}
	EndGlobalSection
EndGlobal
